
Microsoft Visual Studio Solution File, Format Version 12.00
# Visual Studio Version 16
VisualStudioVersion = 16.0.31025.194
MinimumVisualStudioVersion = 10.0.40219.1
Project("{FAE04EC0-301F-11D3-BF4B-00C04F79EFBC}") = "aula12", "aula12\aula12.csproj", "{F05D8E7C-EF9E-4F1B-8C5B-08A39E80A0E2}"
EndProject
Global
	GlobalSection(SolutionConfigurationPlatforms) = preSolution
		Debug|Any CPU = Debug|Any CPU
		Release|Any CPU = Release|Any CPU
	EndGlobalSection
	GlobalSection(ProjectConfigurationPlatforms) = postSolution
		{F05D8E7C-EF9E-4F1B-8C5B-08A39E80A0E2}.Debug|Any CPU.ActiveCfg = Debug|Any CPU
		{F05D8E7C-EF9E-4F1B-8C5B-08A39E80A0E2}.Debug|Any CPU.Build.0 = Debug|Any CPU
		{F05D8E7C-EF9E-4F1B-8C5B-08A39E80A0E2}.Release|Any CPU.ActiveCfg = Release|Any CPU
		{F05D8E7C-EF9E-4F1B-8C5B-08A39E80A0E2}.Release|Any CPU.Build.0 = Release|Any CPU
	EndGlobalSection
	GlobalSection(SolutionProperties) = preSolution
		HideSolutionNode = FALSE
	EndGlobalSection
	GlobalSection(ExtensibilityGlobals) = postSolution
		SolutionGuid = {E54F51AB-533D-43E1-9933-918A6C3EEFCE}
	EndGlobalSection
EndGlobal
