
Microsoft Visual Studio Solution File, Format Version 12.00
# Visual Studio Version 16
VisualStudioVersion = 16.0.31025.194
MinimumVisualStudioVersion = 10.0.40219.1
Project("{FAE04EC0-301F-11D3-BF4B-00C04F79EFBC}") = "prova", "prova\prova.csproj", "{566EC36D-F292-4C1F-890E-86A2AD8BEEAF}"
EndProject
Global
	GlobalSection(SolutionConfigurationPlatforms) = preSolution
		Debug|Any CPU = Debug|Any CPU
		Release|Any CPU = Release|Any CPU
	EndGlobalSection
	GlobalSection(ProjectConfigurationPlatforms) = postSolution
		{566EC36D-F292-4C1F-890E-86A2AD8BEEAF}.Debug|Any CPU.ActiveCfg = Debug|Any CPU
		{566EC36D-F292-4C1F-890E-86A2AD8BEEAF}.Debug|Any CPU.Build.0 = Debug|Any CPU
		{566EC36D-F292-4C1F-890E-86A2AD8BEEAF}.Release|Any CPU.ActiveCfg = Release|Any CPU
		{566EC36D-F292-4C1F-890E-86A2AD8BEEAF}.Release|Any CPU.Build.0 = Release|Any CPU
	EndGlobalSection
	GlobalSection(SolutionProperties) = preSolution
		HideSolutionNode = FALSE
	EndGlobalSection
	GlobalSection(ExtensibilityGlobals) = postSolution
		SolutionGuid = {E3B326F9-442C-4857-A9EC-800EB53E6A8F}
	EndGlobalSection
EndGlobal
